
Microsoft Visual Studio Solution File, Format Version 12.00
# Visual Studio Version 17
VisualStudioVersion = 17.0.31912.275
MinimumVisualStudioVersion = 15.0.26124.0
Project("{2150E333-8FDC-42A3-9474-1A3956D46DE8}") = "src", "src", "{216EA1DF-5F39-4D23-9E1F-887785D1FF6C}"
EndProject
Project("{9A19103F-16F7-4668-BE54-9A1E7A4F7556}") = "ModernWpfPlayground", "src\App\ModernWpfPlayground.csproj", "{D7364CD3-5150-4FA8-90D9-07093354D7A0}"
EndProject
Project("{FAE04EC0-301F-11D3-BF4B-00C04F79EFBC}") = "Controls", "src\Controls\Controls.csproj", "{3AAA0309-C1C0-44C8-A53F-E3CE8556A4D4}"
EndProject
Global
	GlobalSection(SolutionConfigurationPlatforms) = preSolution
		Debug|Any CPU = Debug|Any CPU
		Release|Any CPU = Release|Any CPU
	EndGlobalSection
	GlobalSection(ProjectConfigurationPlatforms) = postSolution
		{D7364CD3-5150-4FA8-90D9-07093354D7A0}.Debug|Any CPU.ActiveCfg = Debug|Any CPU
		{D7364CD3-5150-4FA8-90D9-07093354D7A0}.Debug|Any CPU.Build.0 = Debug|Any CPU
		{D7364CD3-5150-4FA8-90D9-07093354D7A0}.Release|Any CPU.ActiveCfg = Release|Any CPU
		{D7364CD3-5150-4FA8-90D9-07093354D7A0}.Release|Any CPU.Build.0 = Release|Any CPU
		{3AAA0309-C1C0-44C8-A53F-E3CE8556A4D4}.Debug|Any CPU.ActiveCfg = Debug|Any CPU
		{3AAA0309-C1C0-44C8-A53F-E3CE8556A4D4}.Debug|Any CPU.Build.0 = Debug|Any CPU
		{3AAA0309-C1C0-44C8-A53F-E3CE8556A4D4}.Release|Any CPU.ActiveCfg = Release|Any CPU
		{3AAA0309-C1C0-44C8-A53F-E3CE8556A4D4}.Release|Any CPU.Build.0 = Release|Any CPU
	EndGlobalSection
	GlobalSection(SolutionProperties) = preSolution
		HideSolutionNode = FALSE
	EndGlobalSection
	GlobalSection(NestedProjects) = preSolution
		{D7364CD3-5150-4FA8-90D9-07093354D7A0} = {216EA1DF-5F39-4D23-9E1F-887785D1FF6C}
		{3AAA0309-C1C0-44C8-A53F-E3CE8556A4D4} = {216EA1DF-5F39-4D23-9E1F-887785D1FF6C}
	EndGlobalSection
	GlobalSection(ExtensibilityGlobals) = postSolution
		SolutionGuid = {21075E5E-39D9-4681-91A0-D9E7E0BDBB85}
	EndGlobalSection
EndGlobal
